
Microsoft Visual Studio Solution File, Format Version 12.00
# Visual Studio 15
VisualStudioVersion = 15.0.28307.421
MinimumVisualStudioVersion = 10.0.40219.1
Project("{FAE04EC0-301F-11D3-BF4B-00C04F79EFBC}") = "Enitity2", "Enitity2\Enitity2.csproj", "{0BAD8A7C-81DA-432D-A51F-C2F1EAD2EC29}"
EndProject
Project("{FAE04EC0-301F-11D3-BF4B-00C04F79EFBC}") = "Entity2Database", "Entity2Database\Entity2Database.csproj", "{7B847D47-9C38-4A1E-A18B-378ED9334A1A}"
EndProject
Global
	GlobalSection(SolutionConfigurationPlatforms) = preSolution
		Debug|Any CPU = Debug|Any CPU
		Release|Any CPU = Release|Any CPU
	EndGlobalSection
	GlobalSection(ProjectConfigurationPlatforms) = postSolution
		{0BAD8A7C-81DA-432D-A51F-C2F1EAD2EC29}.Debug|Any CPU.ActiveCfg = Debug|Any CPU
		{0BAD8A7C-81DA-432D-A51F-C2F1EAD2EC29}.Debug|Any CPU.Build.0 = Debug|Any CPU
		{0BAD8A7C-81DA-432D-A51F-C2F1EAD2EC29}.Release|Any CPU.ActiveCfg = Release|Any CPU
		{0BAD8A7C-81DA-432D-A51F-C2F1EAD2EC29}.Release|Any CPU.Build.0 = Release|Any CPU
		{7B847D47-9C38-4A1E-A18B-378ED9334A1A}.Debug|Any CPU.ActiveCfg = Debug|Any CPU
		{7B847D47-9C38-4A1E-A18B-378ED9334A1A}.Debug|Any CPU.Build.0 = Debug|Any CPU
		{7B847D47-9C38-4A1E-A18B-378ED9334A1A}.Release|Any CPU.ActiveCfg = Release|Any CPU
		{7B847D47-9C38-4A1E-A18B-378ED9334A1A}.Release|Any CPU.Build.0 = Release|Any CPU
	EndGlobalSection
	GlobalSection(SolutionProperties) = preSolution
		HideSolutionNode = FALSE
	EndGlobalSection
	GlobalSection(ExtensibilityGlobals) = postSolution
		SolutionGuid = {DC96125D-E9A2-4FD2-A3C8-F4C4D5ADC495}
	EndGlobalSection
EndGlobal
