
Microsoft Visual Studio Solution File, Format Version 12.00
# Visual Studio 15
VisualStudioVersion = 15.0.28307.421
MinimumVisualStudioVersion = 10.0.40219.1
Project("{FAE04EC0-301F-11D3-BF4B-00C04F79EFBC}") = "MoreAnimals.UI", "MoreAnimals.UI\MoreAnimals.UI.csproj", "{ACA5B320-ED37-4D75-B680-07ABD770A993}"
EndProject
Project("{FAE04EC0-301F-11D3-BF4B-00C04F79EFBC}") = "MoreAnimals.Library", "MoreAnimals.Library\MoreAnimals.Library.csproj", "{2A7813D2-2649-4368-8F05-2188A5976E46}"
EndProject
Global
	GlobalSection(SolutionConfigurationPlatforms) = preSolution
		Debug|Any CPU = Debug|Any CPU
		Release|Any CPU = Release|Any CPU
	EndGlobalSection
	GlobalSection(ProjectConfigurationPlatforms) = postSolution
		{ACA5B320-ED37-4D75-B680-07ABD770A993}.Debug|Any CPU.ActiveCfg = Debug|Any CPU
		{ACA5B320-ED37-4D75-B680-07ABD770A993}.Debug|Any CPU.Build.0 = Debug|Any CPU
		{ACA5B320-ED37-4D75-B680-07ABD770A993}.Release|Any CPU.ActiveCfg = Release|Any CPU
		{ACA5B320-ED37-4D75-B680-07ABD770A993}.Release|Any CPU.Build.0 = Release|Any CPU
		{2A7813D2-2649-4368-8F05-2188A5976E46}.Debug|Any CPU.ActiveCfg = Debug|Any CPU
		{2A7813D2-2649-4368-8F05-2188A5976E46}.Debug|Any CPU.Build.0 = Debug|Any CPU
		{2A7813D2-2649-4368-8F05-2188A5976E46}.Release|Any CPU.ActiveCfg = Release|Any CPU
		{2A7813D2-2649-4368-8F05-2188A5976E46}.Release|Any CPU.Build.0 = Release|Any CPU
	EndGlobalSection
	GlobalSection(SolutionProperties) = preSolution
		HideSolutionNode = FALSE
	EndGlobalSection
	GlobalSection(ExtensibilityGlobals) = postSolution
		SolutionGuid = {85EDE77E-650F-4AC4-A19D-A95C22FA25CA}
	EndGlobalSection
EndGlobal
