
Microsoft Visual Studio Solution File, Format Version 12.00
# Visual Studio 15
VisualStudioVersion = 15.0.28307.421
MinimumVisualStudioVersion = 10.0.40219.1
Project("{FAE04EC0-301F-11D3-BF4B-00C04F79EFBC}") = "ClothingStore", "ClothingStore\ClothingStore.csproj", "{1DB6960A-D4AB-4B81-BC00-A22F59D28D89}"
EndProject
Global
	GlobalSection(SolutionConfigurationPlatforms) = preSolution
		Debug|Any CPU = Debug|Any CPU
		Release|Any CPU = Release|Any CPU
	EndGlobalSection
	GlobalSection(ProjectConfigurationPlatforms) = postSolution
		{1DB6960A-D4AB-4B81-BC00-A22F59D28D89}.Debug|Any CPU.ActiveCfg = Debug|Any CPU
		{1DB6960A-D4AB-4B81-BC00-A22F59D28D89}.Debug|Any CPU.Build.0 = Debug|Any CPU
		{1DB6960A-D4AB-4B81-BC00-A22F59D28D89}.Release|Any CPU.ActiveCfg = Release|Any CPU
		{1DB6960A-D4AB-4B81-BC00-A22F59D28D89}.Release|Any CPU.Build.0 = Release|Any CPU
	EndGlobalSection
	GlobalSection(SolutionProperties) = preSolution
		HideSolutionNode = FALSE
	EndGlobalSection
	GlobalSection(ExtensibilityGlobals) = postSolution
		SolutionGuid = {6A46A4C1-8864-4F10-925B-CD2836BF3A7F}
	EndGlobalSection
EndGlobal
