
Microsoft Visual Studio Solution File, Format Version 12.00
# Visual Studio 15
VisualStudioVersion = 15.0.26124.0
MinimumVisualStudioVersion = 15.0.26124.0
Project("{FAE04EC0-301F-11D3-BF4B-00C04F79EFBC}") = "Animals.UI", "Animals.UI\Animals.UI.csproj", "{9CCC328E-14E0-4DEC-92D5-EE9EED213443}"
EndProject
Project("{FAE04EC0-301F-11D3-BF4B-00C04F79EFBC}") = "Animals.Library", "Animals.Library\Animals.Library.csproj", "{31079B61-7945-4FA5-B1A6-F7FDBFCC7D27}"
EndProject
Global
	GlobalSection(SolutionConfigurationPlatforms) = preSolution
		Debug|Any CPU = Debug|Any CPU
		Debug|x64 = Debug|x64
		Debug|x86 = Debug|x86
		Release|Any CPU = Release|Any CPU
		Release|x64 = Release|x64
		Release|x86 = Release|x86
	EndGlobalSection
	GlobalSection(SolutionProperties) = preSolution
		HideSolutionNode = FALSE
	EndGlobalSection
	GlobalSection(ProjectConfigurationPlatforms) = postSolution
		{9CCC328E-14E0-4DEC-92D5-EE9EED213443}.Debug|Any CPU.ActiveCfg = Debug|Any CPU
		{9CCC328E-14E0-4DEC-92D5-EE9EED213443}.Debug|Any CPU.Build.0 = Debug|Any CPU
		{9CCC328E-14E0-4DEC-92D5-EE9EED213443}.Debug|x64.ActiveCfg = Debug|Any CPU
		{9CCC328E-14E0-4DEC-92D5-EE9EED213443}.Debug|x64.Build.0 = Debug|Any CPU
		{9CCC328E-14E0-4DEC-92D5-EE9EED213443}.Debug|x86.ActiveCfg = Debug|Any CPU
		{9CCC328E-14E0-4DEC-92D5-EE9EED213443}.Debug|x86.Build.0 = Debug|Any CPU
		{9CCC328E-14E0-4DEC-92D5-EE9EED213443}.Release|Any CPU.ActiveCfg = Release|Any CPU
		{9CCC328E-14E0-4DEC-92D5-EE9EED213443}.Release|Any CPU.Build.0 = Release|Any CPU
		{9CCC328E-14E0-4DEC-92D5-EE9EED213443}.Release|x64.ActiveCfg = Release|Any CPU
		{9CCC328E-14E0-4DEC-92D5-EE9EED213443}.Release|x64.Build.0 = Release|Any CPU
		{9CCC328E-14E0-4DEC-92D5-EE9EED213443}.Release|x86.ActiveCfg = Release|Any CPU
		{9CCC328E-14E0-4DEC-92D5-EE9EED213443}.Release|x86.Build.0 = Release|Any CPU
		{31079B61-7945-4FA5-B1A6-F7FDBFCC7D27}.Debug|Any CPU.ActiveCfg = Debug|Any CPU
		{31079B61-7945-4FA5-B1A6-F7FDBFCC7D27}.Debug|Any CPU.Build.0 = Debug|Any CPU
		{31079B61-7945-4FA5-B1A6-F7FDBFCC7D27}.Debug|x64.ActiveCfg = Debug|Any CPU
		{31079B61-7945-4FA5-B1A6-F7FDBFCC7D27}.Debug|x64.Build.0 = Debug|Any CPU
		{31079B61-7945-4FA5-B1A6-F7FDBFCC7D27}.Debug|x86.ActiveCfg = Debug|Any CPU
		{31079B61-7945-4FA5-B1A6-F7FDBFCC7D27}.Debug|x86.Build.0 = Debug|Any CPU
		{31079B61-7945-4FA5-B1A6-F7FDBFCC7D27}.Release|Any CPU.ActiveCfg = Release|Any CPU
		{31079B61-7945-4FA5-B1A6-F7FDBFCC7D27}.Release|Any CPU.Build.0 = Release|Any CPU
		{31079B61-7945-4FA5-B1A6-F7FDBFCC7D27}.Release|x64.ActiveCfg = Release|Any CPU
		{31079B61-7945-4FA5-B1A6-F7FDBFCC7D27}.Release|x64.Build.0 = Release|Any CPU
		{31079B61-7945-4FA5-B1A6-F7FDBFCC7D27}.Release|x86.ActiveCfg = Release|Any CPU
		{31079B61-7945-4FA5-B1A6-F7FDBFCC7D27}.Release|x86.Build.0 = Release|Any CPU
	EndGlobalSection
EndGlobal
