
Microsoft Visual Studio Solution File, Format Version 12.00
# Visual Studio 15
VisualStudioVersion = 15.0.28307.421
MinimumVisualStudioVersion = 10.0.40219.1
Project("{FAE04EC0-301F-11D3-BF4B-00C04F79EFBC}") = "Entity3", "Entity3\Entity3.csproj", "{8639A9AD-2460-4865-9EB1-2264A67A4EAE}"
EndProject
Project("{FAE04EC0-301F-11D3-BF4B-00C04F79EFBC}") = "Entity3Database", "Entity3Database\Entity3Database.csproj", "{2F2041B4-852F-4A52-8A40-B23901EF667C}"
EndProject
Global
	GlobalSection(SolutionConfigurationPlatforms) = preSolution
		Debug|Any CPU = Debug|Any CPU
		Release|Any CPU = Release|Any CPU
	EndGlobalSection
	GlobalSection(ProjectConfigurationPlatforms) = postSolution
		{8639A9AD-2460-4865-9EB1-2264A67A4EAE}.Debug|Any CPU.ActiveCfg = Debug|Any CPU
		{8639A9AD-2460-4865-9EB1-2264A67A4EAE}.Debug|Any CPU.Build.0 = Debug|Any CPU
		{8639A9AD-2460-4865-9EB1-2264A67A4EAE}.Release|Any CPU.ActiveCfg = Release|Any CPU
		{8639A9AD-2460-4865-9EB1-2264A67A4EAE}.Release|Any CPU.Build.0 = Release|Any CPU
		{2F2041B4-852F-4A52-8A40-B23901EF667C}.Debug|Any CPU.ActiveCfg = Debug|Any CPU
		{2F2041B4-852F-4A52-8A40-B23901EF667C}.Debug|Any CPU.Build.0 = Debug|Any CPU
		{2F2041B4-852F-4A52-8A40-B23901EF667C}.Release|Any CPU.ActiveCfg = Release|Any CPU
		{2F2041B4-852F-4A52-8A40-B23901EF667C}.Release|Any CPU.Build.0 = Release|Any CPU
	EndGlobalSection
	GlobalSection(SolutionProperties) = preSolution
		HideSolutionNode = FALSE
	EndGlobalSection
	GlobalSection(ExtensibilityGlobals) = postSolution
		SolutionGuid = {5EBB3A53-4312-4615-A3B1-10BE4446665B}
	EndGlobalSection
EndGlobal
