
Microsoft Visual Studio Solution File, Format Version 12.00
# Visual Studio 15
VisualStudioVersion = 15.0.28307.421
MinimumVisualStudioVersion = 10.0.40219.1
Project("{9A19103F-16F7-4668-BE54-9A1E7A4F7556}") = "MemoryList.Library", "MemoryList.Library\MemoryList.Library.csproj", "{4834C9F9-8798-4034-B558-951BD93A2A1E}"
EndProject
Project("{9A19103F-16F7-4668-BE54-9A1E7A4F7556}") = "MemoryList.Tests", "MemoryList.Test\MemoryList.Tests.csproj", "{259E874C-F40C-44BD-B447-E6C786180309}"
EndProject
Global
	GlobalSection(SolutionConfigurationPlatforms) = preSolution
		Debug|Any CPU = Debug|Any CPU
		Release|Any CPU = Release|Any CPU
	EndGlobalSection
	GlobalSection(ProjectConfigurationPlatforms) = postSolution
		{4834C9F9-8798-4034-B558-951BD93A2A1E}.Debug|Any CPU.ActiveCfg = Debug|Any CPU
		{4834C9F9-8798-4034-B558-951BD93A2A1E}.Debug|Any CPU.Build.0 = Debug|Any CPU
		{4834C9F9-8798-4034-B558-951BD93A2A1E}.Release|Any CPU.ActiveCfg = Release|Any CPU
		{4834C9F9-8798-4034-B558-951BD93A2A1E}.Release|Any CPU.Build.0 = Release|Any CPU
		{259E874C-F40C-44BD-B447-E6C786180309}.Debug|Any CPU.ActiveCfg = Debug|Any CPU
		{259E874C-F40C-44BD-B447-E6C786180309}.Debug|Any CPU.Build.0 = Debug|Any CPU
		{259E874C-F40C-44BD-B447-E6C786180309}.Release|Any CPU.ActiveCfg = Release|Any CPU
		{259E874C-F40C-44BD-B447-E6C786180309}.Release|Any CPU.Build.0 = Release|Any CPU
	EndGlobalSection
	GlobalSection(SolutionProperties) = preSolution
		HideSolutionNode = FALSE
	EndGlobalSection
	GlobalSection(ExtensibilityGlobals) = postSolution
		SolutionGuid = {BF87E4AF-F7D6-4A7B-A438-C6B825DFFD5D}
	EndGlobalSection
EndGlobal
